
Microsoft Visual Studio Solution File, Format Version 12.00
# Visual Studio Version 17
VisualStudioVersion = 17.13.35919.96 d17.13
MinimumVisualStudioVersion = 10.0.40219.1
Project("{FAE04EC0-301F-11D3-BF4B-00C04F79EFBC}") = "Conceptos", "Conceptos\Conceptos.csproj", "{526C8F52-5E83-4F67-9E9B-7EE2085409C6}"
EndProject
Global
	GlobalSection(SolutionConfigurationPlatforms) = preSolution
		Debug|Any CPU = Debug|Any CPU
		Release|Any CPU = Release|Any CPU
	EndGlobalSection
	GlobalSection(ProjectConfigurationPlatforms) = postSolution
		{526C8F52-5E83-4F67-9E9B-7EE2085409C6}.Debug|Any CPU.ActiveCfg = Debug|Any CPU
		{526C8F52-5E83-4F67-9E9B-7EE2085409C6}.Debug|Any CPU.Build.0 = Debug|Any CPU
		{526C8F52-5E83-4F67-9E9B-7EE2085409C6}.Release|Any CPU.ActiveCfg = Release|Any CPU
		{526C8F52-5E83-4F67-9E9B-7EE2085409C6}.Release|Any CPU.Build.0 = Release|Any CPU
	EndGlobalSection
	GlobalSection(SolutionProperties) = preSolution
		HideSolutionNode = FALSE
	EndGlobalSection
	GlobalSection(ExtensibilityGlobals) = postSolution
		SolutionGuid = {AB1A8316-303E-4601-9C76-D753A85AD365}
	EndGlobalSection
EndGlobal
